
Microsoft Visual Studio Solution File, Format Version 12.00
# Visual Studio Version 16
VisualStudioVersion = 16.0.30709.132
MinimumVisualStudioVersion = 10.0.40219.1
Project("{FAE04EC0-301F-11D3-BF4B-00C04F79EFBC}") = "ProjetoBanco", "ProjetoBanco.csproj", "{CC95A4E0-242C-45E3-9002-D63206B1100E}"
EndProject
Global
	GlobalSection(SolutionConfigurationPlatforms) = preSolution
		Debug|Any CPU = Debug|Any CPU
		Release|Any CPU = Release|Any CPU
	EndGlobalSection
	GlobalSection(ProjectConfigurationPlatforms) = postSolution
		{CC95A4E0-242C-45E3-9002-D63206B1100E}.Debug|Any CPU.ActiveCfg = Debug|Any CPU
		{CC95A4E0-242C-45E3-9002-D63206B1100E}.Debug|Any CPU.Build.0 = Debug|Any CPU
		{CC95A4E0-242C-45E3-9002-D63206B1100E}.Release|Any CPU.ActiveCfg = Release|Any CPU
		{CC95A4E0-242C-45E3-9002-D63206B1100E}.Release|Any CPU.Build.0 = Release|Any CPU
	EndGlobalSection
	GlobalSection(SolutionProperties) = preSolution
		HideSolutionNode = FALSE
	EndGlobalSection
	GlobalSection(ExtensibilityGlobals) = postSolution
		SolutionGuid = {1C76CEA3-379B-4C0C-BCBA-EF25634910E8}
	EndGlobalSection
EndGlobal
